
Microsoft Visual Studio Solution File, Format Version 12.00
# Visual Studio Version 17
VisualStudioVersion = 17.1.32421.90
MinimumVisualStudioVersion = 10.0.40219.1
Project("{FAE04EC0-301F-11D3-BF4B-00C04F79EFBC}") = "OnOnOwn", "OnOnOwn\OnOnOwn.csproj", "{0E8ADA86-7044-42B9-A1FF-8CE913F6B337}"
EndProject
Project("{FAE04EC0-301F-11D3-BF4B-00C04F79EFBC}") = "WpfAppOnOnOwn", "WpfAppOnOnOwn\WpfAppOnOnOwn.csproj", "{02790B9C-6D8F-4492-B2AF-BF20285BAEAF}"
EndProject
Project("{9A19103F-16F7-4668-BE54-9A1E7A4F7556}") = "OnOnOwnConsole", "Console\OnOnOwnConsole.csproj", "{7D966A77-324C-4846-91A5-F20096A6E5FD}"
EndProject
Project("{FAE04EC0-301F-11D3-BF4B-00C04F79EFBC}") = "TestOnOnOwn", "TestOnOnOwn\TestOnOnOwn.csproj", "{E74F18E4-A4C4-4E32-8D26-FA81E8862EC8}"
EndProject
Project("{FAE04EC0-301F-11D3-BF4B-00C04F79EFBC}") = "APIOnOnOwn", "APIOnOnOwn\APIOnOnOwn.csproj", "{6DE0A8F0-BDDF-4E17-910E-8751572F65FD}"
EndProject
Global
	GlobalSection(SolutionConfigurationPlatforms) = preSolution
		Debug|Any CPU = Debug|Any CPU
		Release|Any CPU = Release|Any CPU
	EndGlobalSection
	GlobalSection(ProjectConfigurationPlatforms) = postSolution
		{0E8ADA86-7044-42B9-A1FF-8CE913F6B337}.Debug|Any CPU.ActiveCfg = Debug|Any CPU
		{0E8ADA86-7044-42B9-A1FF-8CE913F6B337}.Debug|Any CPU.Build.0 = Debug|Any CPU
		{0E8ADA86-7044-42B9-A1FF-8CE913F6B337}.Release|Any CPU.ActiveCfg = Release|Any CPU
		{0E8ADA86-7044-42B9-A1FF-8CE913F6B337}.Release|Any CPU.Build.0 = Release|Any CPU
		{02790B9C-6D8F-4492-B2AF-BF20285BAEAF}.Debug|Any CPU.ActiveCfg = Debug|Any CPU
		{02790B9C-6D8F-4492-B2AF-BF20285BAEAF}.Debug|Any CPU.Build.0 = Debug|Any CPU
		{02790B9C-6D8F-4492-B2AF-BF20285BAEAF}.Release|Any CPU.ActiveCfg = Release|Any CPU
		{02790B9C-6D8F-4492-B2AF-BF20285BAEAF}.Release|Any CPU.Build.0 = Release|Any CPU
		{7D966A77-324C-4846-91A5-F20096A6E5FD}.Debug|Any CPU.ActiveCfg = Debug|Any CPU
		{7D966A77-324C-4846-91A5-F20096A6E5FD}.Debug|Any CPU.Build.0 = Debug|Any CPU
		{7D966A77-324C-4846-91A5-F20096A6E5FD}.Release|Any CPU.ActiveCfg = Release|Any CPU
		{7D966A77-324C-4846-91A5-F20096A6E5FD}.Release|Any CPU.Build.0 = Release|Any CPU
		{E74F18E4-A4C4-4E32-8D26-FA81E8862EC8}.Debug|Any CPU.ActiveCfg = Debug|Any CPU
		{E74F18E4-A4C4-4E32-8D26-FA81E8862EC8}.Debug|Any CPU.Build.0 = Debug|Any CPU
		{E74F18E4-A4C4-4E32-8D26-FA81E8862EC8}.Release|Any CPU.ActiveCfg = Release|Any CPU
		{E74F18E4-A4C4-4E32-8D26-FA81E8862EC8}.Release|Any CPU.Build.0 = Release|Any CPU
		{6DE0A8F0-BDDF-4E17-910E-8751572F65FD}.Debug|Any CPU.ActiveCfg = Debug|Any CPU
		{6DE0A8F0-BDDF-4E17-910E-8751572F65FD}.Debug|Any CPU.Build.0 = Debug|Any CPU
		{6DE0A8F0-BDDF-4E17-910E-8751572F65FD}.Release|Any CPU.ActiveCfg = Release|Any CPU
		{6DE0A8F0-BDDF-4E17-910E-8751572F65FD}.Release|Any CPU.Build.0 = Release|Any CPU
	EndGlobalSection
	GlobalSection(SolutionProperties) = preSolution
		HideSolutionNode = FALSE
	EndGlobalSection
	GlobalSection(ExtensibilityGlobals) = postSolution
		SolutionGuid = {67BC860B-CB6A-4D38-B4E7-D766F11D903E}
	EndGlobalSection
EndGlobal
